
Microsoft Visual Studio Solution File, Format Version 12.00
# Visual Studio 2012
Project("{FAE04EC0-301F-11D3-BF4B-00C04F79EFBC}") = "01.SumOfThreeIntegers", "01.SumOfThreeIntegers\01.SumOfThreeIntegers.csproj", "{B7E81D8E-BF83-4370-9C38-EB61DF6A7F0F}"
EndProject
Project("{FAE04EC0-301F-11D3-BF4B-00C04F79EFBC}") = "02.PrintCompanyInformation", "02.PrintCompanyInformation\02.PrintCompanyInformation.csproj", "{1FEA0C79-6A96-4123-9DEA-45B4AB88E449}"
EndProject
Project("{FAE04EC0-301F-11D3-BF4B-00C04F79EFBC}") = "04.NumberComparer", "04.NumberComparer\04.NumberComparer.csproj", "{960BC6BB-14A7-4F8D-9864-996E8AE1278A}"
EndProject
Project("{FAE04EC0-301F-11D3-BF4B-00C04F79EFBC}") = "05.FormattingNumbers", "05.FormattingNumbers\05.FormattingNumbers.csproj", "{D0981780-ACF6-40F4-B80C-BC088F8A846B}"
EndProject
Project("{FAE04EC0-301F-11D3-BF4B-00C04F79EFBC}") = "07.SumOfFiveNumbers", "07.SumOfFiveNumbers\07.SumOfFiveNumbers.csproj", "{A1F4487B-B082-47EB-B251-0B0B0FBD60FB}"
EndProject
Project("{FAE04EC0-301F-11D3-BF4B-00C04F79EFBC}") = "08.NumbersFrom1ToN", "08.NumbersFrom1ToN\08.NumbersFrom1ToN.csproj", "{1B59F22C-6FD7-4BE6-AFA4-F834E3F373FE}"
EndProject
Project("{FAE04EC0-301F-11D3-BF4B-00C04F79EFBC}") = "09.SumOfNNumbers", "09.SumOfNNumbers\09.SumOfNNumbers.csproj", "{64B74D6A-4134-43DA-B688-441EDAECFB2E}"
EndProject
Project("{FAE04EC0-301F-11D3-BF4B-00C04F79EFBC}") = "10.FibonacciNumbers", "10.FibonacciNumbers\10.FibonacciNumbers.csproj", "{F7FE65D3-47A5-4E2A-92DC-D569E6E24359}"
EndProject
Project("{FAE04EC0-301F-11D3-BF4B-00C04F79EFBC}") = "11.NumbersInIntervalDividableByGivenNumber", "11.NumbersInIntervalDividableByGivenNumber\11.NumbersInIntervalDividableByGivenNumber.csproj", "{63AE3089-C2C5-4811-A141-E80B17C7B739}"
EndProject
Project("{FAE04EC0-301F-11D3-BF4B-00C04F79EFBC}") = "06.QuadraticAquation", "06.QuadraticAquation\06.QuadraticAquation.csproj", "{020BE373-9A0A-4A5F-8FDB-4C0A9031AFE8}"
EndProject
Project("{FAE04EC0-301F-11D3-BF4B-00C04F79EFBC}") = "03.CirclePerimeterAndArea", "03.CirclePerimeterAndArea\03.CirclePerimeterAndArea.csproj", "{BDD917D5-18D5-4E63-A181-21860FC29483}"
EndProject
Global
	GlobalSection(SolutionConfigurationPlatforms) = preSolution
		Debug|Any CPU = Debug|Any CPU
		Debug|Mixed Platforms = Debug|Mixed Platforms
		Debug|x86 = Debug|x86
		Release|Any CPU = Release|Any CPU
		Release|Mixed Platforms = Release|Mixed Platforms
		Release|x86 = Release|x86
	EndGlobalSection
	GlobalSection(ProjectConfigurationPlatforms) = postSolution
		{B7E81D8E-BF83-4370-9C38-EB61DF6A7F0F}.Debug|Any CPU.ActiveCfg = Debug|Any CPU
		{B7E81D8E-BF83-4370-9C38-EB61DF6A7F0F}.Debug|Any CPU.Build.0 = Debug|Any CPU
		{B7E81D8E-BF83-4370-9C38-EB61DF6A7F0F}.Debug|Mixed Platforms.ActiveCfg = Debug|Any CPU
		{B7E81D8E-BF83-4370-9C38-EB61DF6A7F0F}.Debug|Mixed Platforms.Build.0 = Debug|Any CPU
		{B7E81D8E-BF83-4370-9C38-EB61DF6A7F0F}.Debug|x86.ActiveCfg = Debug|Any CPU
		{B7E81D8E-BF83-4370-9C38-EB61DF6A7F0F}.Release|Any CPU.ActiveCfg = Release|Any CPU
		{B7E81D8E-BF83-4370-9C38-EB61DF6A7F0F}.Release|Any CPU.Build.0 = Release|Any CPU
		{B7E81D8E-BF83-4370-9C38-EB61DF6A7F0F}.Release|Mixed Platforms.ActiveCfg = Release|Any CPU
		{B7E81D8E-BF83-4370-9C38-EB61DF6A7F0F}.Release|Mixed Platforms.Build.0 = Release|Any CPU
		{B7E81D8E-BF83-4370-9C38-EB61DF6A7F0F}.Release|x86.ActiveCfg = Release|Any CPU
		{1FEA0C79-6A96-4123-9DEA-45B4AB88E449}.Debug|Any CPU.ActiveCfg = Debug|Any CPU
		{1FEA0C79-6A96-4123-9DEA-45B4AB88E449}.Debug|Any CPU.Build.0 = Debug|Any CPU
		{1FEA0C79-6A96-4123-9DEA-45B4AB88E449}.Debug|Mixed Platforms.ActiveCfg = Debug|Any CPU
		{1FEA0C79-6A96-4123-9DEA-45B4AB88E449}.Debug|Mixed Platforms.Build.0 = Debug|Any CPU
		{1FEA0C79-6A96-4123-9DEA-45B4AB88E449}.Debug|x86.ActiveCfg = Debug|Any CPU
		{1FEA0C79-6A96-4123-9DEA-45B4AB88E449}.Release|Any CPU.ActiveCfg = Release|Any CPU
		{1FEA0C79-6A96-4123-9DEA-45B4AB88E449}.Release|Any CPU.Build.0 = Release|Any CPU
		{1FEA0C79-6A96-4123-9DEA-45B4AB88E449}.Release|Mixed Platforms.ActiveCfg = Release|Any CPU
		{1FEA0C79-6A96-4123-9DEA-45B4AB88E449}.Release|Mixed Platforms.Build.0 = Release|Any CPU
		{1FEA0C79-6A96-4123-9DEA-45B4AB88E449}.Release|x86.ActiveCfg = Release|Any CPU
		{960BC6BB-14A7-4F8D-9864-996E8AE1278A}.Debug|Any CPU.ActiveCfg = Debug|Any CPU
		{960BC6BB-14A7-4F8D-9864-996E8AE1278A}.Debug|Any CPU.Build.0 = Debug|Any CPU
		{960BC6BB-14A7-4F8D-9864-996E8AE1278A}.Debug|Mixed Platforms.ActiveCfg = Debug|Any CPU
		{960BC6BB-14A7-4F8D-9864-996E8AE1278A}.Debug|Mixed Platforms.Build.0 = Debug|Any CPU
		{960BC6BB-14A7-4F8D-9864-996E8AE1278A}.Debug|x86.ActiveCfg = Debug|Any CPU
		{960BC6BB-14A7-4F8D-9864-996E8AE1278A}.Release|Any CPU.ActiveCfg = Release|Any CPU
		{960BC6BB-14A7-4F8D-9864-996E8AE1278A}.Release|Any CPU.Build.0 = Release|Any CPU
		{960BC6BB-14A7-4F8D-9864-996E8AE1278A}.Release|Mixed Platforms.ActiveCfg = Release|Any CPU
		{960BC6BB-14A7-4F8D-9864-996E8AE1278A}.Release|Mixed Platforms.Build.0 = Release|Any CPU
		{960BC6BB-14A7-4F8D-9864-996E8AE1278A}.Release|x86.ActiveCfg = Release|Any CPU
		{D0981780-ACF6-40F4-B80C-BC088F8A846B}.Debug|Any CPU.ActiveCfg = Debug|Any CPU
		{D0981780-ACF6-40F4-B80C-BC088F8A846B}.Debug|Any CPU.Build.0 = Debug|Any CPU
		{D0981780-ACF6-40F4-B80C-BC088F8A846B}.Debug|Mixed Platforms.ActiveCfg = Debug|Any CPU
		{D0981780-ACF6-40F4-B80C-BC088F8A846B}.Debug|Mixed Platforms.Build.0 = Debug|Any CPU
		{D0981780-ACF6-40F4-B80C-BC088F8A846B}.Debug|x86.ActiveCfg = Debug|Any CPU
		{D0981780-ACF6-40F4-B80C-BC088F8A846B}.Release|Any CPU.ActiveCfg = Release|Any CPU
		{D0981780-ACF6-40F4-B80C-BC088F8A846B}.Release|Any CPU.Build.0 = Release|Any CPU
		{D0981780-ACF6-40F4-B80C-BC088F8A846B}.Release|Mixed Platforms.ActiveCfg = Release|Any CPU
		{D0981780-ACF6-40F4-B80C-BC088F8A846B}.Release|Mixed Platforms.Build.0 = Release|Any CPU
		{D0981780-ACF6-40F4-B80C-BC088F8A846B}.Release|x86.ActiveCfg = Release|Any CPU
		{A1F4487B-B082-47EB-B251-0B0B0FBD60FB}.Debug|Any CPU.ActiveCfg = Debug|Any CPU
		{A1F4487B-B082-47EB-B251-0B0B0FBD60FB}.Debug|Any CPU.Build.0 = Debug|Any CPU
		{A1F4487B-B082-47EB-B251-0B0B0FBD60FB}.Debug|Mixed Platforms.ActiveCfg = Debug|Any CPU
		{A1F4487B-B082-47EB-B251-0B0B0FBD60FB}.Debug|Mixed Platforms.Build.0 = Debug|Any CPU
		{A1F4487B-B082-47EB-B251-0B0B0FBD60FB}.Debug|x86.ActiveCfg = Debug|Any CPU
		{A1F4487B-B082-47EB-B251-0B0B0FBD60FB}.Release|Any CPU.ActiveCfg = Release|Any CPU
		{A1F4487B-B082-47EB-B251-0B0B0FBD60FB}.Release|Any CPU.Build.0 = Release|Any CPU
		{A1F4487B-B082-47EB-B251-0B0B0FBD60FB}.Release|Mixed Platforms.ActiveCfg = Release|Any CPU
		{A1F4487B-B082-47EB-B251-0B0B0FBD60FB}.Release|Mixed Platforms.Build.0 = Release|Any CPU
		{A1F4487B-B082-47EB-B251-0B0B0FBD60FB}.Release|x86.ActiveCfg = Release|Any CPU
		{1B59F22C-6FD7-4BE6-AFA4-F834E3F373FE}.Debug|Any CPU.ActiveCfg = Debug|Any CPU
		{1B59F22C-6FD7-4BE6-AFA4-F834E3F373FE}.Debug|Any CPU.Build.0 = Debug|Any CPU
		{1B59F22C-6FD7-4BE6-AFA4-F834E3F373FE}.Debug|Mixed Platforms.ActiveCfg = Debug|Any CPU
		{1B59F22C-6FD7-4BE6-AFA4-F834E3F373FE}.Debug|Mixed Platforms.Build.0 = Debug|Any CPU
		{1B59F22C-6FD7-4BE6-AFA4-F834E3F373FE}.Debug|x86.ActiveCfg = Debug|Any CPU
		{1B59F22C-6FD7-4BE6-AFA4-F834E3F373FE}.Release|Any CPU.ActiveCfg = Release|Any CPU
		{1B59F22C-6FD7-4BE6-AFA4-F834E3F373FE}.Release|Any CPU.Build.0 = Release|Any CPU
		{1B59F22C-6FD7-4BE6-AFA4-F834E3F373FE}.Release|Mixed Platforms.ActiveCfg = Release|Any CPU
		{1B59F22C-6FD7-4BE6-AFA4-F834E3F373FE}.Release|Mixed Platforms.Build.0 = Release|Any CPU
		{1B59F22C-6FD7-4BE6-AFA4-F834E3F373FE}.Release|x86.ActiveCfg = Release|Any CPU
		{64B74D6A-4134-43DA-B688-441EDAECFB2E}.Debug|Any CPU.ActiveCfg = Debug|Any CPU
		{64B74D6A-4134-43DA-B688-441EDAECFB2E}.Debug|Any CPU.Build.0 = Debug|Any CPU
		{64B74D6A-4134-43DA-B688-441EDAECFB2E}.Debug|Mixed Platforms.ActiveCfg = Debug|Any CPU
		{64B74D6A-4134-43DA-B688-441EDAECFB2E}.Debug|Mixed Platforms.Build.0 = Debug|Any CPU
		{64B74D6A-4134-43DA-B688-441EDAECFB2E}.Debug|x86.ActiveCfg = Debug|Any CPU
		{64B74D6A-4134-43DA-B688-441EDAECFB2E}.Release|Any CPU.ActiveCfg = Release|Any CPU
		{64B74D6A-4134-43DA-B688-441EDAECFB2E}.Release|Any CPU.Build.0 = Release|Any CPU
		{64B74D6A-4134-43DA-B688-441EDAECFB2E}.Release|Mixed Platforms.ActiveCfg = Release|Any CPU
		{64B74D6A-4134-43DA-B688-441EDAECFB2E}.Release|Mixed Platforms.Build.0 = Release|Any CPU
		{64B74D6A-4134-43DA-B688-441EDAECFB2E}.Release|x86.ActiveCfg = Release|Any CPU
		{F7FE65D3-47A5-4E2A-92DC-D569E6E24359}.Debug|Any CPU.ActiveCfg = Debug|Any CPU
		{F7FE65D3-47A5-4E2A-92DC-D569E6E24359}.Debug|Any CPU.Build.0 = Debug|Any CPU
		{F7FE65D3-47A5-4E2A-92DC-D569E6E24359}.Debug|Mixed Platforms.ActiveCfg = Debug|Any CPU
		{F7FE65D3-47A5-4E2A-92DC-D569E6E24359}.Debug|Mixed Platforms.Build.0 = Debug|Any CPU
		{F7FE65D3-47A5-4E2A-92DC-D569E6E24359}.Debug|x86.ActiveCfg = Debug|Any CPU
		{F7FE65D3-47A5-4E2A-92DC-D569E6E24359}.Release|Any CPU.ActiveCfg = Release|Any CPU
		{F7FE65D3-47A5-4E2A-92DC-D569E6E24359}.Release|Any CPU.Build.0 = Release|Any CPU
		{F7FE65D3-47A5-4E2A-92DC-D569E6E24359}.Release|Mixed Platforms.ActiveCfg = Release|Any CPU
		{F7FE65D3-47A5-4E2A-92DC-D569E6E24359}.Release|Mixed Platforms.Build.0 = Release|Any CPU
		{F7FE65D3-47A5-4E2A-92DC-D569E6E24359}.Release|x86.ActiveCfg = Release|Any CPU
		{63AE3089-C2C5-4811-A141-E80B17C7B739}.Debug|Any CPU.ActiveCfg = Debug|Any CPU
		{63AE3089-C2C5-4811-A141-E80B17C7B739}.Debug|Any CPU.Build.0 = Debug|Any CPU
		{63AE3089-C2C5-4811-A141-E80B17C7B739}.Debug|Mixed Platforms.ActiveCfg = Debug|Any CPU
		{63AE3089-C2C5-4811-A141-E80B17C7B739}.Debug|Mixed Platforms.Build.0 = Debug|Any CPU
		{63AE3089-C2C5-4811-A141-E80B17C7B739}.Debug|x86.ActiveCfg = Debug|Any CPU
		{63AE3089-C2C5-4811-A141-E80B17C7B739}.Release|Any CPU.ActiveCfg = Release|Any CPU
		{63AE3089-C2C5-4811-A141-E80B17C7B739}.Release|Any CPU.Build.0 = Release|Any CPU
		{63AE3089-C2C5-4811-A141-E80B17C7B739}.Release|Mixed Platforms.ActiveCfg = Release|Any CPU
		{63AE3089-C2C5-4811-A141-E80B17C7B739}.Release|Mixed Platforms.Build.0 = Release|Any CPU
		{63AE3089-C2C5-4811-A141-E80B17C7B739}.Release|x86.ActiveCfg = Release|Any CPU
		{020BE373-9A0A-4A5F-8FDB-4C0A9031AFE8}.Debug|Any CPU.ActiveCfg = Debug|Any CPU
		{020BE373-9A0A-4A5F-8FDB-4C0A9031AFE8}.Debug|Any CPU.Build.0 = Debug|Any CPU
		{020BE373-9A0A-4A5F-8FDB-4C0A9031AFE8}.Debug|Mixed Platforms.ActiveCfg = Debug|Any CPU
		{020BE373-9A0A-4A5F-8FDB-4C0A9031AFE8}.Debug|Mixed Platforms.Build.0 = Debug|Any CPU
		{020BE373-9A0A-4A5F-8FDB-4C0A9031AFE8}.Debug|x86.ActiveCfg = Debug|Any CPU
		{020BE373-9A0A-4A5F-8FDB-4C0A9031AFE8}.Release|Any CPU.ActiveCfg = Release|Any CPU
		{020BE373-9A0A-4A5F-8FDB-4C0A9031AFE8}.Release|Any CPU.Build.0 = Release|Any CPU
		{020BE373-9A0A-4A5F-8FDB-4C0A9031AFE8}.Release|Mixed Platforms.ActiveCfg = Release|Any CPU
		{020BE373-9A0A-4A5F-8FDB-4C0A9031AFE8}.Release|Mixed Platforms.Build.0 = Release|Any CPU
		{020BE373-9A0A-4A5F-8FDB-4C0A9031AFE8}.Release|x86.ActiveCfg = Release|Any CPU
		{BDD917D5-18D5-4E63-A181-21860FC29483}.Debug|Any CPU.ActiveCfg = Debug|Any CPU
		{BDD917D5-18D5-4E63-A181-21860FC29483}.Debug|Any CPU.Build.0 = Debug|Any CPU
		{BDD917D5-18D5-4E63-A181-21860FC29483}.Debug|Mixed Platforms.ActiveCfg = Debug|Any CPU
		{BDD917D5-18D5-4E63-A181-21860FC29483}.Debug|Mixed Platforms.Build.0 = Debug|Any CPU
		{BDD917D5-18D5-4E63-A181-21860FC29483}.Debug|x86.ActiveCfg = Debug|Any CPU
		{BDD917D5-18D5-4E63-A181-21860FC29483}.Release|Any CPU.ActiveCfg = Release|Any CPU
		{BDD917D5-18D5-4E63-A181-21860FC29483}.Release|Any CPU.Build.0 = Release|Any CPU
		{BDD917D5-18D5-4E63-A181-21860FC29483}.Release|Mixed Platforms.ActiveCfg = Release|Any CPU
		{BDD917D5-18D5-4E63-A181-21860FC29483}.Release|Mixed Platforms.Build.0 = Release|Any CPU
		{BDD917D5-18D5-4E63-A181-21860FC29483}.Release|x86.ActiveCfg = Release|Any CPU
	EndGlobalSection
	GlobalSection(SolutionProperties) = preSolution
		HideSolutionNode = FALSE
	EndGlobalSection
EndGlobal
