
Microsoft Visual Studio Solution File, Format Version 12.00
# Visual Studio 2012
Project("{FAE04EC0-301F-11D3-BF4B-00C04F79EFBC}") = "01.DeclaringVariables", "DeclaringVariables\01.DeclaringVariables.csproj", "{1812F3E4-4D58-443E-A8FF-A0CD59208A42}"
EndProject
Project("{FAE04EC0-301F-11D3-BF4B-00C04F79EFBC}") = "02.FloatOrDouble", "FloatOrDouble\02.FloatOrDouble.csproj", "{EC0CD270-C4F3-45A8-BD83-4C0626E3B0D0}"
EndProject
Project("{FAE04EC0-301F-11D3-BF4B-00C04F79EFBC}") = "03.ComparingFloats", "ComparingFloats\03.ComparingFloats.csproj", "{2466EC95-7984-4507-A634-8B6D674FFB40}"
EndProject
Project("{FAE04EC0-301F-11D3-BF4B-00C04F79EFBC}") = "04.VariableInHexadecimalFormat", "VariableInHexadecimalFormat\04.VariableInHexadecimalFormat.csproj", "{4284AEE1-B86E-4545-997E-815E5BE40448}"
EndProject
Project("{FAE04EC0-301F-11D3-BF4B-00C04F79EFBC}") = "05.UnicodeValue", "UnicodeValue\05.UnicodeValue.csproj", "{3A6BCFCB-33C1-4696-AD69-7EEC686F66F5}"
EndProject
Project("{FAE04EC0-301F-11D3-BF4B-00C04F79EFBC}") = "06.BooleanVariable", "BooleanVariable\06.BooleanVariable.csproj", "{CB47A139-6334-4590-8DC3-CB8AEDEC5FF0}"
EndProject
Project("{FAE04EC0-301F-11D3-BF4B-00C04F79EFBC}") = "07. StringsAndObjects", "7. StringsAndObjects\07. StringsAndObjects.csproj", "{81740420-6D49-45FA-B911-55C2A2EB0AF0}"
EndProject
Project("{FAE04EC0-301F-11D3-BF4B-00C04F79EFBC}") = "08.QuotesInStrings", "8.QuotesInStrings\08.QuotesInStrings.csproj", "{F724885C-D8E2-4A84-AD83-D64FDA1E6A36}"
EndProject
Project("{FAE04EC0-301F-11D3-BF4B-00C04F79EFBC}") = "09.IsoscelesTriangle", "9.IsoscelesTriangle\09.IsoscelesTriangle.csproj", "{2DCFED43-DA30-4996-9651-B4F70396017D}"
EndProject
Project("{FAE04EC0-301F-11D3-BF4B-00C04F79EFBC}") = "10.ExchangeVariableValues", "10.ExchangeVariableValues\10.ExchangeVariableValues.csproj", "{376977A1-6EF8-4634-8247-464A732C7A8C}"
EndProject
Project("{FAE04EC0-301F-11D3-BF4B-00C04F79EFBC}") = "11.EmployeeData", "11.EmployeeData\11.EmployeeData.csproj", "{4F978DCD-11ED-4483-B03D-AB04F393043D}"
EndProject
Project("{FAE04EC0-301F-11D3-BF4B-00C04F79EFBC}") = "12.BankAccountData", "12.BankAccountData\12.BankAccountData.csproj", "{19769537-9D25-44E3-8FD6-2172CB54FDF8}"
EndProject
Project("{FAE04EC0-301F-11D3-BF4B-00C04F79EFBC}") = "13.NullValuesArithmetic", "13.NullValuesArithmetic\13.NullValuesArithmetic.csproj", "{BDC1602E-B7A7-4087-A94D-D0FD4F6D2ED3}"
EndProject
Project("{FAE04EC0-301F-11D3-BF4B-00C04F79EFBC}") = "14.TheASCIITable", "14.TheASCIITable\14.TheASCIITable.csproj", "{449D805C-844B-4C8C-8D2C-2CA132D13126}"
EndProject
Global
	GlobalSection(SolutionConfigurationPlatforms) = preSolution
		Debug|Any CPU = Debug|Any CPU
		Release|Any CPU = Release|Any CPU
	EndGlobalSection
	GlobalSection(ProjectConfigurationPlatforms) = postSolution
		{1812F3E4-4D58-443E-A8FF-A0CD59208A42}.Debug|Any CPU.ActiveCfg = Debug|Any CPU
		{1812F3E4-4D58-443E-A8FF-A0CD59208A42}.Debug|Any CPU.Build.0 = Debug|Any CPU
		{1812F3E4-4D58-443E-A8FF-A0CD59208A42}.Release|Any CPU.ActiveCfg = Release|Any CPU
		{1812F3E4-4D58-443E-A8FF-A0CD59208A42}.Release|Any CPU.Build.0 = Release|Any CPU
		{EC0CD270-C4F3-45A8-BD83-4C0626E3B0D0}.Debug|Any CPU.ActiveCfg = Debug|Any CPU
		{EC0CD270-C4F3-45A8-BD83-4C0626E3B0D0}.Debug|Any CPU.Build.0 = Debug|Any CPU
		{EC0CD270-C4F3-45A8-BD83-4C0626E3B0D0}.Release|Any CPU.ActiveCfg = Release|Any CPU
		{EC0CD270-C4F3-45A8-BD83-4C0626E3B0D0}.Release|Any CPU.Build.0 = Release|Any CPU
		{2466EC95-7984-4507-A634-8B6D674FFB40}.Debug|Any CPU.ActiveCfg = Debug|Any CPU
		{2466EC95-7984-4507-A634-8B6D674FFB40}.Debug|Any CPU.Build.0 = Debug|Any CPU
		{2466EC95-7984-4507-A634-8B6D674FFB40}.Release|Any CPU.ActiveCfg = Release|Any CPU
		{2466EC95-7984-4507-A634-8B6D674FFB40}.Release|Any CPU.Build.0 = Release|Any CPU
		{4284AEE1-B86E-4545-997E-815E5BE40448}.Debug|Any CPU.ActiveCfg = Debug|Any CPU
		{4284AEE1-B86E-4545-997E-815E5BE40448}.Debug|Any CPU.Build.0 = Debug|Any CPU
		{4284AEE1-B86E-4545-997E-815E5BE40448}.Release|Any CPU.ActiveCfg = Release|Any CPU
		{4284AEE1-B86E-4545-997E-815E5BE40448}.Release|Any CPU.Build.0 = Release|Any CPU
		{3A6BCFCB-33C1-4696-AD69-7EEC686F66F5}.Debug|Any CPU.ActiveCfg = Debug|Any CPU
		{3A6BCFCB-33C1-4696-AD69-7EEC686F66F5}.Debug|Any CPU.Build.0 = Debug|Any CPU
		{3A6BCFCB-33C1-4696-AD69-7EEC686F66F5}.Release|Any CPU.ActiveCfg = Release|Any CPU
		{3A6BCFCB-33C1-4696-AD69-7EEC686F66F5}.Release|Any CPU.Build.0 = Release|Any CPU
		{CB47A139-6334-4590-8DC3-CB8AEDEC5FF0}.Debug|Any CPU.ActiveCfg = Debug|Any CPU
		{CB47A139-6334-4590-8DC3-CB8AEDEC5FF0}.Debug|Any CPU.Build.0 = Debug|Any CPU
		{CB47A139-6334-4590-8DC3-CB8AEDEC5FF0}.Release|Any CPU.ActiveCfg = Release|Any CPU
		{CB47A139-6334-4590-8DC3-CB8AEDEC5FF0}.Release|Any CPU.Build.0 = Release|Any CPU
		{81740420-6D49-45FA-B911-55C2A2EB0AF0}.Debug|Any CPU.ActiveCfg = Debug|Any CPU
		{81740420-6D49-45FA-B911-55C2A2EB0AF0}.Debug|Any CPU.Build.0 = Debug|Any CPU
		{81740420-6D49-45FA-B911-55C2A2EB0AF0}.Release|Any CPU.ActiveCfg = Release|Any CPU
		{81740420-6D49-45FA-B911-55C2A2EB0AF0}.Release|Any CPU.Build.0 = Release|Any CPU
		{F724885C-D8E2-4A84-AD83-D64FDA1E6A36}.Debug|Any CPU.ActiveCfg = Debug|Any CPU
		{F724885C-D8E2-4A84-AD83-D64FDA1E6A36}.Debug|Any CPU.Build.0 = Debug|Any CPU
		{F724885C-D8E2-4A84-AD83-D64FDA1E6A36}.Release|Any CPU.ActiveCfg = Release|Any CPU
		{F724885C-D8E2-4A84-AD83-D64FDA1E6A36}.Release|Any CPU.Build.0 = Release|Any CPU
		{2DCFED43-DA30-4996-9651-B4F70396017D}.Debug|Any CPU.ActiveCfg = Debug|Any CPU
		{2DCFED43-DA30-4996-9651-B4F70396017D}.Debug|Any CPU.Build.0 = Debug|Any CPU
		{2DCFED43-DA30-4996-9651-B4F70396017D}.Release|Any CPU.ActiveCfg = Release|Any CPU
		{2DCFED43-DA30-4996-9651-B4F70396017D}.Release|Any CPU.Build.0 = Release|Any CPU
		{376977A1-6EF8-4634-8247-464A732C7A8C}.Debug|Any CPU.ActiveCfg = Debug|Any CPU
		{376977A1-6EF8-4634-8247-464A732C7A8C}.Debug|Any CPU.Build.0 = Debug|Any CPU
		{376977A1-6EF8-4634-8247-464A732C7A8C}.Release|Any CPU.ActiveCfg = Release|Any CPU
		{376977A1-6EF8-4634-8247-464A732C7A8C}.Release|Any CPU.Build.0 = Release|Any CPU
		{4F978DCD-11ED-4483-B03D-AB04F393043D}.Debug|Any CPU.ActiveCfg = Debug|Any CPU
		{4F978DCD-11ED-4483-B03D-AB04F393043D}.Debug|Any CPU.Build.0 = Debug|Any CPU
		{4F978DCD-11ED-4483-B03D-AB04F393043D}.Release|Any CPU.ActiveCfg = Release|Any CPU
		{4F978DCD-11ED-4483-B03D-AB04F393043D}.Release|Any CPU.Build.0 = Release|Any CPU
		{19769537-9D25-44E3-8FD6-2172CB54FDF8}.Debug|Any CPU.ActiveCfg = Debug|Any CPU
		{19769537-9D25-44E3-8FD6-2172CB54FDF8}.Debug|Any CPU.Build.0 = Debug|Any CPU
		{19769537-9D25-44E3-8FD6-2172CB54FDF8}.Release|Any CPU.ActiveCfg = Release|Any CPU
		{19769537-9D25-44E3-8FD6-2172CB54FDF8}.Release|Any CPU.Build.0 = Release|Any CPU
		{BDC1602E-B7A7-4087-A94D-D0FD4F6D2ED3}.Debug|Any CPU.ActiveCfg = Debug|Any CPU
		{BDC1602E-B7A7-4087-A94D-D0FD4F6D2ED3}.Debug|Any CPU.Build.0 = Debug|Any CPU
		{BDC1602E-B7A7-4087-A94D-D0FD4F6D2ED3}.Release|Any CPU.ActiveCfg = Release|Any CPU
		{BDC1602E-B7A7-4087-A94D-D0FD4F6D2ED3}.Release|Any CPU.Build.0 = Release|Any CPU
		{449D805C-844B-4C8C-8D2C-2CA132D13126}.Debug|Any CPU.ActiveCfg = Debug|Any CPU
		{449D805C-844B-4C8C-8D2C-2CA132D13126}.Debug|Any CPU.Build.0 = Debug|Any CPU
		{449D805C-844B-4C8C-8D2C-2CA132D13126}.Release|Any CPU.ActiveCfg = Release|Any CPU
		{449D805C-844B-4C8C-8D2C-2CA132D13126}.Release|Any CPU.Build.0 = Release|Any CPU
	EndGlobalSection
	GlobalSection(SolutionProperties) = preSolution
		HideSolutionNode = FALSE
	EndGlobalSection
EndGlobal
