
Microsoft Visual Studio Solution File, Format Version 12.00
# Visual Studio 2013
VisualStudioVersion = 12.0.40629.0
MinimumVisualStudioVersion = 10.0.40219.1
Project("{FAE04EC0-301F-11D3-BF4B-00C04F79EFBC}") = "LaptopListingSystem.Models", "LaptopListingSystem.Models\LaptopListingSystem.Models.csproj", "{1987588E-4414-4AB1-ADEC-39C649398DFD}"
EndProject
Project("{FAE04EC0-301F-11D3-BF4B-00C04F79EFBC}") = "LaptopListingSystem.Data", "LaptopListingSystem.Data\LaptopListingSystem.Data.csproj", "{ED3704C3-6A46-4223-8B33-1F6101CD8E4E}"
EndProject
Project("{FAE04EC0-301F-11D3-BF4B-00C04F79EFBC}") = "LaptopListingSystem.Web", "LaptopListingSystem.Web\LaptopListingSystem.Web.csproj", "{60E279C3-5A38-4A5F-AC97-F7D8C7D7701F}"
EndProject
Global
	GlobalSection(SolutionConfigurationPlatforms) = preSolution
		Debug|Any CPU = Debug|Any CPU
		Release|Any CPU = Release|Any CPU
	EndGlobalSection
	GlobalSection(ProjectConfigurationPlatforms) = postSolution
		{1987588E-4414-4AB1-ADEC-39C649398DFD}.Debug|Any CPU.ActiveCfg = Debug|Any CPU
		{1987588E-4414-4AB1-ADEC-39C649398DFD}.Debug|Any CPU.Build.0 = Debug|Any CPU
		{1987588E-4414-4AB1-ADEC-39C649398DFD}.Release|Any CPU.ActiveCfg = Release|Any CPU
		{1987588E-4414-4AB1-ADEC-39C649398DFD}.Release|Any CPU.Build.0 = Release|Any CPU
		{ED3704C3-6A46-4223-8B33-1F6101CD8E4E}.Debug|Any CPU.ActiveCfg = Debug|Any CPU
		{ED3704C3-6A46-4223-8B33-1F6101CD8E4E}.Debug|Any CPU.Build.0 = Debug|Any CPU
		{ED3704C3-6A46-4223-8B33-1F6101CD8E4E}.Release|Any CPU.ActiveCfg = Release|Any CPU
		{ED3704C3-6A46-4223-8B33-1F6101CD8E4E}.Release|Any CPU.Build.0 = Release|Any CPU
		{60E279C3-5A38-4A5F-AC97-F7D8C7D7701F}.Debug|Any CPU.ActiveCfg = Debug|Any CPU
		{60E279C3-5A38-4A5F-AC97-F7D8C7D7701F}.Debug|Any CPU.Build.0 = Debug|Any CPU
		{60E279C3-5A38-4A5F-AC97-F7D8C7D7701F}.Release|Any CPU.ActiveCfg = Release|Any CPU
		{60E279C3-5A38-4A5F-AC97-F7D8C7D7701F}.Release|Any CPU.Build.0 = Release|Any CPU
	EndGlobalSection
	GlobalSection(SolutionProperties) = preSolution
		HideSolutionNode = FALSE
	EndGlobalSection
EndGlobal
