
Microsoft Visual Studio Solution File, Format Version 12.00
# Visual Studio 2012
Project("{FAE04EC0-301F-11D3-BF4B-00C04F79EFBC}") = "02.PrimeChecker", "02.PrimeChecker\02.PrimeChecker.csproj", "{C1F23AA5-EDBA-4496-9B27-CDE0A9906EF8}"
EndProject
Project("{FAE04EC0-301F-11D3-BF4B-00C04F79EFBC}") = "03.PrimeInGivenRange", "03.PrimeInGivenRange\03.PrimeInGivenRange.csproj", "{BDDEF468-B881-45C7-8CFD-082761C173F6}"
EndProject
Project("{FAE04EC0-301F-11D3-BF4B-00C04F79EFBC}") = "14.LongestWordInAText", "14.LongestWordInAText\14.LongestWordInAText.csproj", "{E981953C-112B-44DA-8738-80E501784679}"
EndProject
Project("{FAE04EC0-301F-11D3-BF4B-00C04F79EFBC}") = "10.JoinLists", "10.JoinLists\10.JoinLists.csproj", "{66CC10D0-4FB1-4A3E-BDFF-7C0FCD890C08}"
EndProject
Project("{FAE04EC0-301F-11D3-BF4B-00C04F79EFBC}") = "05.SortingNumbers", "05.SortingNumbers\05.SortingNumbers.csproj", "{42DD146D-DE74-4897-861B-F379710BD1A3}"
EndProject
Project("{FAE04EC0-301F-11D3-BF4B-00C04F79EFBC}") = "06.LongestAreaInArray", "06.LongestAreaInArray\06.LongestAreaInArray.csproj", "{0CE95A69-AE0B-4518-815D-FAE79EFAE07B}"
EndProject
Project("{FAE04EC0-301F-11D3-BF4B-00C04F79EFBC}") = "07.MatrixOfPalindromes", "07.MatrixOfPalindromes\07.MatrixOfPalindromes.csproj", "{58DFA949-BF01-4E37-89A6-E059240D5B1D}"
EndProject
Project("{FAE04EC0-301F-11D3-BF4B-00C04F79EFBC}") = "09.RemoveNames", "09.RemoveNames\09.RemoveNames.csproj", "{C6005567-FC70-4F71-AA9B-F89035F34922}"
EndProject
Project("{FAE04EC0-301F-11D3-BF4B-00C04F79EFBC}") = "04.DifferenceBetweenDates", "04.DifferenceBetweenDates\04.DifferenceBetweenDates.csproj", "{AD64035B-0B40-45FE-9F6E-6E434C36CBA8}"
EndProject
Project("{FAE04EC0-301F-11D3-BF4B-00C04F79EFBC}") = "01.FibonacciNumbers", "01.FibonacciNumbers\01.FibonacciNumbers.csproj", "{DCF0A7B7-0CCB-4D2D-B92E-77614BC5B139}"
EndProject
Global
	GlobalSection(SolutionConfigurationPlatforms) = preSolution
		Debug|Any CPU = Debug|Any CPU
		Release|Any CPU = Release|Any CPU
	EndGlobalSection
	GlobalSection(ProjectConfigurationPlatforms) = postSolution
		{C1F23AA5-EDBA-4496-9B27-CDE0A9906EF8}.Debug|Any CPU.ActiveCfg = Debug|Any CPU
		{C1F23AA5-EDBA-4496-9B27-CDE0A9906EF8}.Debug|Any CPU.Build.0 = Debug|Any CPU
		{C1F23AA5-EDBA-4496-9B27-CDE0A9906EF8}.Release|Any CPU.ActiveCfg = Release|Any CPU
		{C1F23AA5-EDBA-4496-9B27-CDE0A9906EF8}.Release|Any CPU.Build.0 = Release|Any CPU
		{BDDEF468-B881-45C7-8CFD-082761C173F6}.Debug|Any CPU.ActiveCfg = Debug|Any CPU
		{BDDEF468-B881-45C7-8CFD-082761C173F6}.Debug|Any CPU.Build.0 = Debug|Any CPU
		{BDDEF468-B881-45C7-8CFD-082761C173F6}.Release|Any CPU.ActiveCfg = Release|Any CPU
		{BDDEF468-B881-45C7-8CFD-082761C173F6}.Release|Any CPU.Build.0 = Release|Any CPU
		{E981953C-112B-44DA-8738-80E501784679}.Debug|Any CPU.ActiveCfg = Debug|Any CPU
		{E981953C-112B-44DA-8738-80E501784679}.Debug|Any CPU.Build.0 = Debug|Any CPU
		{E981953C-112B-44DA-8738-80E501784679}.Release|Any CPU.ActiveCfg = Release|Any CPU
		{E981953C-112B-44DA-8738-80E501784679}.Release|Any CPU.Build.0 = Release|Any CPU
		{66CC10D0-4FB1-4A3E-BDFF-7C0FCD890C08}.Debug|Any CPU.ActiveCfg = Debug|Any CPU
		{66CC10D0-4FB1-4A3E-BDFF-7C0FCD890C08}.Debug|Any CPU.Build.0 = Debug|Any CPU
		{66CC10D0-4FB1-4A3E-BDFF-7C0FCD890C08}.Release|Any CPU.ActiveCfg = Release|Any CPU
		{66CC10D0-4FB1-4A3E-BDFF-7C0FCD890C08}.Release|Any CPU.Build.0 = Release|Any CPU
		{42DD146D-DE74-4897-861B-F379710BD1A3}.Debug|Any CPU.ActiveCfg = Debug|Any CPU
		{42DD146D-DE74-4897-861B-F379710BD1A3}.Debug|Any CPU.Build.0 = Debug|Any CPU
		{42DD146D-DE74-4897-861B-F379710BD1A3}.Release|Any CPU.ActiveCfg = Release|Any CPU
		{42DD146D-DE74-4897-861B-F379710BD1A3}.Release|Any CPU.Build.0 = Release|Any CPU
		{0CE95A69-AE0B-4518-815D-FAE79EFAE07B}.Debug|Any CPU.ActiveCfg = Debug|Any CPU
		{0CE95A69-AE0B-4518-815D-FAE79EFAE07B}.Debug|Any CPU.Build.0 = Debug|Any CPU
		{0CE95A69-AE0B-4518-815D-FAE79EFAE07B}.Release|Any CPU.ActiveCfg = Release|Any CPU
		{0CE95A69-AE0B-4518-815D-FAE79EFAE07B}.Release|Any CPU.Build.0 = Release|Any CPU
		{58DFA949-BF01-4E37-89A6-E059240D5B1D}.Debug|Any CPU.ActiveCfg = Debug|Any CPU
		{58DFA949-BF01-4E37-89A6-E059240D5B1D}.Debug|Any CPU.Build.0 = Debug|Any CPU
		{58DFA949-BF01-4E37-89A6-E059240D5B1D}.Release|Any CPU.ActiveCfg = Release|Any CPU
		{58DFA949-BF01-4E37-89A6-E059240D5B1D}.Release|Any CPU.Build.0 = Release|Any CPU
		{C6005567-FC70-4F71-AA9B-F89035F34922}.Debug|Any CPU.ActiveCfg = Debug|Any CPU
		{C6005567-FC70-4F71-AA9B-F89035F34922}.Debug|Any CPU.Build.0 = Debug|Any CPU
		{C6005567-FC70-4F71-AA9B-F89035F34922}.Release|Any CPU.ActiveCfg = Release|Any CPU
		{C6005567-FC70-4F71-AA9B-F89035F34922}.Release|Any CPU.Build.0 = Release|Any CPU
		{AD64035B-0B40-45FE-9F6E-6E434C36CBA8}.Debug|Any CPU.ActiveCfg = Debug|Any CPU
		{AD64035B-0B40-45FE-9F6E-6E434C36CBA8}.Debug|Any CPU.Build.0 = Debug|Any CPU
		{AD64035B-0B40-45FE-9F6E-6E434C36CBA8}.Release|Any CPU.ActiveCfg = Release|Any CPU
		{AD64035B-0B40-45FE-9F6E-6E434C36CBA8}.Release|Any CPU.Build.0 = Release|Any CPU
		{DCF0A7B7-0CCB-4D2D-B92E-77614BC5B139}.Debug|Any CPU.ActiveCfg = Debug|Any CPU
		{DCF0A7B7-0CCB-4D2D-B92E-77614BC5B139}.Debug|Any CPU.Build.0 = Debug|Any CPU
		{DCF0A7B7-0CCB-4D2D-B92E-77614BC5B139}.Release|Any CPU.ActiveCfg = Release|Any CPU
		{DCF0A7B7-0CCB-4D2D-B92E-77614BC5B139}.Release|Any CPU.Build.0 = Release|Any CPU
	EndGlobalSection
	GlobalSection(SolutionProperties) = preSolution
		HideSolutionNode = FALSE
	EndGlobalSection
EndGlobal
